
Microsoft Visual Studio Solution File, Format Version 12.00
# Visual Studio Version 17
VisualStudioVersion = 17.4.33103.184
MinimumVisualStudioVersion = 10.0.40219.1
Project("{9A19103F-16F7-4668-BE54-9A1E7A4F7556}") = "ElectroShop.App", "ElectroShop.App\ElectroShop.App.csproj", "{7B4E08FD-EB97-4AF4-8C8C-856C94207C42}"
EndProject
Project("{FAE04EC0-301F-11D3-BF4B-00C04F79EFBC}") = "ElectroShop.Tests", "ElectroShop.Tests\ElectroShop.Tests.csproj", "{33D9D7BE-39A6-4998-97AB-66B8EC454D29}"
EndProject
Global
	GlobalSection(SolutionConfigurationPlatforms) = preSolution
		Debug|Any CPU = Debug|Any CPU
		Release|Any CPU = Release|Any CPU
	EndGlobalSection
	GlobalSection(ProjectConfigurationPlatforms) = postSolution
		{7B4E08FD-EB97-4AF4-8C8C-856C94207C42}.Debug|Any CPU.ActiveCfg = Debug|Any CPU
		{7B4E08FD-EB97-4AF4-8C8C-856C94207C42}.Debug|Any CPU.Build.0 = Debug|Any CPU
		{7B4E08FD-EB97-4AF4-8C8C-856C94207C42}.Release|Any CPU.ActiveCfg = Release|Any CPU
		{7B4E08FD-EB97-4AF4-8C8C-856C94207C42}.Release|Any CPU.Build.0 = Release|Any CPU
		{33D9D7BE-39A6-4998-97AB-66B8EC454D29}.Debug|Any CPU.ActiveCfg = Debug|Any CPU
		{33D9D7BE-39A6-4998-97AB-66B8EC454D29}.Debug|Any CPU.Build.0 = Debug|Any CPU
		{33D9D7BE-39A6-4998-97AB-66B8EC454D29}.Release|Any CPU.ActiveCfg = Release|Any CPU
		{33D9D7BE-39A6-4998-97AB-66B8EC454D29}.Release|Any CPU.Build.0 = Release|Any CPU
	EndGlobalSection
	GlobalSection(SolutionProperties) = preSolution
		HideSolutionNode = FALSE
	EndGlobalSection
	GlobalSection(ExtensibilityGlobals) = postSolution
		SolutionGuid = {23A66618-8B8F-4B07-92A6-7667F671FDC2}
	EndGlobalSection
EndGlobal
