
Microsoft Visual Studio Solution File, Format Version 12.00
# Visual Studio Version 17
VisualStudioVersion = 17.4.33103.184
MinimumVisualStudioVersion = 10.0.40219.1
Project("{9A19103F-16F7-4668-BE54-9A1E7A4F7556}") = "ElectroShop.App", "ElectroShop.App\ElectroShop.App.csproj", "{7B4E08FD-EB97-4AF4-8C8C-856C94207C42}"
EndProject
Project("{9A19103F-16F7-4668-BE54-9A1E7A4F7556}") = "ElectroShop.Api", "ElectroShop.Api\ElectroShop.Api.csproj", "{89DA3CF8-FB99-46CC-AF12-20AF89958800}"
EndProject
Project("{9A19103F-16F7-4668-BE54-9A1E7A4F7556}") = "ElectroShop.Shared", "ElectroShop.Shared\ElectroShop.Shared.csproj", "{F9261467-3996-4EE5-BDAA-136512F6C57D}"
EndProject
Project("{9A19103F-16F7-4668-BE54-9A1E7A4F7556}") = "Basket.Api", "Basket.Api\Basket.Api.csproj", "{773208FB-E664-4399-80DB-634C20346DCE}"
EndProject
Project("{9A19103F-16F7-4668-BE54-9A1E7A4F7556}") = "ElectroShop.Api.Tests", "ElectroShop.Api.Tests\ElectroShop.Api.Tests.csproj", "{457F6EC2-94C1-43ED-92EF-127F5A0F2AE8}"
EndProject
Project("{9A19103F-16F7-4668-BE54-9A1E7A4F7556}") = "Basket.Api.Tests", "Basket.Api.Tests\Basket.Api.Tests.csproj", "{979B62D4-8D9F-4313-9AEB-F479A1D2152F}"
EndProject
Project("{9A19103F-16F7-4668-BE54-9A1E7A4F7556}") = "ElectroShop.App.Tests", "ElectroShop.App.Tests\ElectroShop.App.Tests.csproj", "{B855E136-DA82-4A8E-95AA-9674A61BBB87}"
EndProject
Project("{FAE04EC0-301F-11D3-BF4B-00C04F79EFBC}") = "Wishlist.Api", "Wishlist.Api\Wishlist.Api.csproj", "{B6BDF5E5-DEA6-43AD-B074-7F31C06A7C4D}"
EndProject
Global
	GlobalSection(SolutionConfigurationPlatforms) = preSolution
		Debug|Any CPU = Debug|Any CPU
		Release|Any CPU = Release|Any CPU
	EndGlobalSection
	GlobalSection(ProjectConfigurationPlatforms) = postSolution
		{7B4E08FD-EB97-4AF4-8C8C-856C94207C42}.Debug|Any CPU.ActiveCfg = Debug|Any CPU
		{7B4E08FD-EB97-4AF4-8C8C-856C94207C42}.Debug|Any CPU.Build.0 = Debug|Any CPU
		{7B4E08FD-EB97-4AF4-8C8C-856C94207C42}.Release|Any CPU.ActiveCfg = Release|Any CPU
		{7B4E08FD-EB97-4AF4-8C8C-856C94207C42}.Release|Any CPU.Build.0 = Release|Any CPU
		{89DA3CF8-FB99-46CC-AF12-20AF89958800}.Debug|Any CPU.ActiveCfg = Debug|Any CPU
		{89DA3CF8-FB99-46CC-AF12-20AF89958800}.Debug|Any CPU.Build.0 = Debug|Any CPU
		{89DA3CF8-FB99-46CC-AF12-20AF89958800}.Release|Any CPU.ActiveCfg = Release|Any CPU
		{89DA3CF8-FB99-46CC-AF12-20AF89958800}.Release|Any CPU.Build.0 = Release|Any CPU
		{F9261467-3996-4EE5-BDAA-136512F6C57D}.Debug|Any CPU.ActiveCfg = Debug|Any CPU
		{F9261467-3996-4EE5-BDAA-136512F6C57D}.Debug|Any CPU.Build.0 = Debug|Any CPU
		{F9261467-3996-4EE5-BDAA-136512F6C57D}.Release|Any CPU.ActiveCfg = Release|Any CPU
		{F9261467-3996-4EE5-BDAA-136512F6C57D}.Release|Any CPU.Build.0 = Release|Any CPU
		{773208FB-E664-4399-80DB-634C20346DCE}.Debug|Any CPU.ActiveCfg = Debug|Any CPU
		{773208FB-E664-4399-80DB-634C20346DCE}.Debug|Any CPU.Build.0 = Debug|Any CPU
		{773208FB-E664-4399-80DB-634C20346DCE}.Release|Any CPU.ActiveCfg = Release|Any CPU
		{773208FB-E664-4399-80DB-634C20346DCE}.Release|Any CPU.Build.0 = Release|Any CPU
		{457F6EC2-94C1-43ED-92EF-127F5A0F2AE8}.Debug|Any CPU.ActiveCfg = Debug|Any CPU
		{457F6EC2-94C1-43ED-92EF-127F5A0F2AE8}.Debug|Any CPU.Build.0 = Debug|Any CPU
		{457F6EC2-94C1-43ED-92EF-127F5A0F2AE8}.Release|Any CPU.ActiveCfg = Release|Any CPU
		{457F6EC2-94C1-43ED-92EF-127F5A0F2AE8}.Release|Any CPU.Build.0 = Release|Any CPU
		{979B62D4-8D9F-4313-9AEB-F479A1D2152F}.Debug|Any CPU.ActiveCfg = Debug|Any CPU
		{979B62D4-8D9F-4313-9AEB-F479A1D2152F}.Debug|Any CPU.Build.0 = Debug|Any CPU
		{979B62D4-8D9F-4313-9AEB-F479A1D2152F}.Release|Any CPU.ActiveCfg = Release|Any CPU
		{979B62D4-8D9F-4313-9AEB-F479A1D2152F}.Release|Any CPU.Build.0 = Release|Any CPU
		{B855E136-DA82-4A8E-95AA-9674A61BBB87}.Debug|Any CPU.ActiveCfg = Debug|Any CPU
		{B855E136-DA82-4A8E-95AA-9674A61BBB87}.Debug|Any CPU.Build.0 = Debug|Any CPU
		{B855E136-DA82-4A8E-95AA-9674A61BBB87}.Release|Any CPU.ActiveCfg = Release|Any CPU
		{B855E136-DA82-4A8E-95AA-9674A61BBB87}.Release|Any CPU.Build.0 = Release|Any CPU
		{B6BDF5E5-DEA6-43AD-B074-7F31C06A7C4D}.Debug|Any CPU.ActiveCfg = Debug|Any CPU
		{B6BDF5E5-DEA6-43AD-B074-7F31C06A7C4D}.Debug|Any CPU.Build.0 = Debug|Any CPU
		{B6BDF5E5-DEA6-43AD-B074-7F31C06A7C4D}.Release|Any CPU.ActiveCfg = Release|Any CPU
		{B6BDF5E5-DEA6-43AD-B074-7F31C06A7C4D}.Release|Any CPU.Build.0 = Release|Any CPU
	EndGlobalSection
	GlobalSection(SolutionProperties) = preSolution
		HideSolutionNode = FALSE
	EndGlobalSection
	GlobalSection(ExtensibilityGlobals) = postSolution
		SolutionGuid = {23A66618-8B8F-4B07-92A6-7667F671FDC2}
	EndGlobalSection
EndGlobal
